
Microsoft Visual Studio Solution File, Format Version 12.00
# Visual Studio 15
VisualStudioVersion = 15.0.28307.1500
MinimumVisualStudioVersion = 10.0.40219.1
Project("{FAE04EC0-301F-11D3-BF4B-00C04F79EFBC}") = "Lab1Fixed", "Lab1Fixed\Lab1Fixed.csproj", "{C1C5D7D9-2B4E-4787-AC76-F1140CB79EF8}"
EndProject
Project("{FAE04EC0-301F-11D3-BF4B-00C04F79EFBC}") = "Lab1Task4Divider", "Lab1Task4Integer\Lab1Task4Divider.csproj", "{EC9358EF-5019-43CA-AE68-61EAB79D902F}"
EndProject
Global
	GlobalSection(SolutionConfigurationPlatforms) = preSolution
		Debug|Any CPU = Debug|Any CPU
		Release|Any CPU = Release|Any CPU
	EndGlobalSection
	GlobalSection(ProjectConfigurationPlatforms) = postSolution
		{C1C5D7D9-2B4E-4787-AC76-F1140CB79EF8}.Debug|Any CPU.ActiveCfg = Debug|Any CPU
		{C1C5D7D9-2B4E-4787-AC76-F1140CB79EF8}.Debug|Any CPU.Build.0 = Debug|Any CPU
		{C1C5D7D9-2B4E-4787-AC76-F1140CB79EF8}.Release|Any CPU.ActiveCfg = Release|Any CPU
		{C1C5D7D9-2B4E-4787-AC76-F1140CB79EF8}.Release|Any CPU.Build.0 = Release|Any CPU
		{EC9358EF-5019-43CA-AE68-61EAB79D902F}.Debug|Any CPU.ActiveCfg = Debug|Any CPU
		{EC9358EF-5019-43CA-AE68-61EAB79D902F}.Debug|Any CPU.Build.0 = Debug|Any CPU
		{EC9358EF-5019-43CA-AE68-61EAB79D902F}.Release|Any CPU.ActiveCfg = Release|Any CPU
		{EC9358EF-5019-43CA-AE68-61EAB79D902F}.Release|Any CPU.Build.0 = Release|Any CPU
	EndGlobalSection
	GlobalSection(SolutionProperties) = preSolution
		HideSolutionNode = FALSE
	EndGlobalSection
	GlobalSection(ExtensibilityGlobals) = postSolution
		SolutionGuid = {67771AC0-EAC6-499F-8086-0FEE5C87057F}
	EndGlobalSection
EndGlobal
